// !$*UTF8*$!
{
	archiveVersion = 1;
	classes = {
	};
	objectVersion = 55;
	objects = {

/* Begin PBXBuildFile section */
		8543B9852A1EEF2900D3A1D2 /* SpotifyiOS.xcframework in Frameworks */ = {isa = PBXBuildFile; fileRef = 8543B9832A1EED8600D3A1D2 /* SpotifyiOS.xcframework */; };
		8543B9862A1EEF2900D3A1D2 /* SpotifyiOS.xcframework in Embed Frameworks */ = {isa = PBXBuildFile; fileRef = 8543B9832A1EED8600D3A1D2 /* SpotifyiOS.xcframework */; settings = {ATTRIBUTES = (CodeSignOnCopy, RemoveHeadersOnCopy, ); }; };
		8581ED2F2A1C30CE00445D6A /* AppDelegate.swift in Sources */ = {isa = PBXBuildFile; fileRef = 8581ED2E2A1C30CE00445D6A /* AppDelegate.swift */; };
		8581ED312A1C30CE00445D6A /* SceneDelegate.swift in Sources */ = {isa = PBXBuildFile; fileRef = 8581ED302A1C30CE00445D6A /* SceneDelegate.swift */; };
		8581ED332A1C30CE00445D6A /* ViewController.swift in Sources */ = {isa = PBXBuildFile; fileRef = 8581ED322A1C30CE00445D6A /* ViewController.swift */; };
		8581ED362A1C30CE00445D6A /* Main.storyboard in Resources */ = {isa = PBXBuildFile; fileRef = 8581ED342A1C30CE00445D6A /* Main.storyboard */; };
		8581ED382A1C30CF00445D6A /* Assets.xcassets in Resources */ = {isa = PBXBuildFile; fileRef = 8581ED372A1C30CF00445D6A /* Assets.xcassets */; };
		8581ED3B2A1C30CF00445D6A /* LaunchScreen.storyboard in Resources */ = {isa = PBXBuildFile; fileRef = 8581ED392A1C30CF00445D6A /* LaunchScreen.storyboard */; };
		8581ED432A1C313500445D6A /* SpotifyiOS.framework in Frameworks */ = {isa = PBXBuildFile; fileRef = 8581ED422A1C313500445D6A /* SpotifyiOS.framework */; };
		8581ED492A1C32CF00445D6A /* Constants.swift in Sources */ = {isa = PBXBuildFile; fileRef = 8581ED482A1C32CF00445D6A /* Constants.swift */; };
/* End PBXBuildFile section */

/* Begin PBXCopyFilesBuildPhase section */
		8543B9872A1EEF2900D3A1D2 /* Embed Frameworks */ = {
			isa = PBXCopyFilesBuildPhase;
			buildActionMask = 2147483647;
			dstPath = "";
			dstSubfolderSpec = 10;
			files = (
				8543B9862A1EEF2900D3A1D2 /* SpotifyiOS.xcframework in Embed Frameworks */,
			);
			name = "Embed Frameworks";
			runOnlyForDeploymentPostprocessing = 0;
		};
/* End PBXCopyFilesBuildPhase section */

/* Begin PBXFileReference section */
		8543B9832A1EED8600D3A1D2 /* SpotifyiOS.xcframework */ = {isa = PBXFileReference; lastKnownFileType = wrapper.xcframework; path = SpotifyiOS.xcframework; sourceTree = "<group>"; };
		8581ED2B2A1C30CE00445D6A /* music-stats.app */ = {isa = PBXFileReference; explicitFileType = wrapper.application; includeInIndex = 0; path = "music-stats.app"; sourceTree = BUILT_PRODUCTS_DIR; };
		8581ED2E2A1C30CE00445D6A /* AppDelegate.swift */ = {isa = PBXFileReference; lastKnownFileType = sourcecode.swift; path = AppDelegate.swift; sourceTree = "<group>"; };
		8581ED302A1C30CE00445D6A /* SceneDelegate.swift */ = {isa = PBXFileReference; lastKnownFileType = sourcecode.swift; path = SceneDelegate.swift; sourceTree = "<group>"; };
		8581ED322A1C30CE00445D6A /* ViewController.swift */ = {isa = PBXFileReference; lastKnownFileType = sourcecode.swift; path = ViewController.swift; sourceTree = "<group>"; };
		8581ED352A1C30CE00445D6A /* Base */ = {isa = PBXFileReference; lastKnownFileType = file.storyboard; name = Base; path = Base.lproj/Main.storyboard; sourceTree = "<group>"; };
		8581ED372A1C30CF00445D6A /* Assets.xcassets */ = {isa = PBXFileReference; lastKnownFileType = folder.assetcatalog; path = Assets.xcassets; sourceTree = "<group>"; };
		8581ED3A2A1C30CF00445D6A /* Base */ = {isa = PBXFileReference; lastKnownFileType = file.storyboard; name = Base; path = Base.lproj/LaunchScreen.storyboard; sourceTree = "<group>"; };
		8581ED3C2A1C30CF00445D6A /* Info.plist */ = {isa = PBXFileReference; lastKnownFileType = text.plist.xml; path = Info.plist; sourceTree = "<group>"; };
		8581ED422A1C313500445D6A /* SpotifyiOS.framework */ = {isa = PBXFileReference; lastKnownFileType = wrapper.framework; path = SpotifyiOS.framework; sourceTree = "<group>"; };
		8581ED452A1C31C100445D6A /* music-stats-Bridging-Header.h */ = {isa = PBXFileReference; lastKnownFileType = sourcecode.c.h; path = "music-stats-Bridging-Header.h"; sourceTree = "<group>"; };
		8581ED482A1C32CF00445D6A /* Constants.swift */ = {isa = PBXFileReference; lastKnownFileType = sourcecode.swift; path = Constants.swift; sourceTree = "<group>"; };
/* End PBXFileReference section */

/* Begin PBXFrameworksBuildPhase section */
		8581ED282A1C30CE00445D6A /* Frameworks */ = {
			isa = PBXFrameworksBuildPhase;
			buildActionMask = 2147483647;
			files = (
				8543B9852A1EEF2900D3A1D2 /* SpotifyiOS.xcframework in Frameworks */,
				8581ED432A1C313500445D6A /* SpotifyiOS.framework in Frameworks */,
			);
			runOnlyForDeploymentPostprocessing = 0;
		};
/* End PBXFrameworksBuildPhase section */

/* Begin PBXGroup section */
		8581ED222A1C30CE00445D6A = {
			isa = PBXGroup;
			children = (
				8581ED2D2A1C30CE00445D6A /* music-stats */,
				8581ED2C2A1C30CE00445D6A /* Products */,
			);
			sourceTree = "<group>";
		};
		8581ED2C2A1C30CE00445D6A /* Products */ = {
			isa = PBXGroup;
			children = (
				8581ED2B2A1C30CE00445D6A /* music-stats.app */,
			);
			name = Products;
			sourceTree = "<group>";
		};
		8581ED2D2A1C30CE00445D6A /* music-stats */ = {
			isa = PBXGroup;
			children = (
				8581ED442A1C316100445D6A /* Files */,
				8581ED302A1C30CE00445D6A /* SceneDelegate.swift */,
				8581ED322A1C30CE00445D6A /* ViewController.swift */,
				8581ED452A1C31C100445D6A /* music-stats-Bridging-Header.h */,
				8581ED482A1C32CF00445D6A /* Constants.swift */,
			);
			path = "music-stats";
			sourceTree = "<group>";
		};
		8581ED442A1C316100445D6A /* Files */ = {
			isa = PBXGroup;
			children = (
				8543B9832A1EED8600D3A1D2 /* SpotifyiOS.xcframework */,
				8581ED2E2A1C30CE00445D6A /* AppDelegate.swift */,
				8581ED342A1C30CE00445D6A /* Main.storyboard */,
				8581ED372A1C30CF00445D6A /* Assets.xcassets */,
				8581ED392A1C30CF00445D6A /* LaunchScreen.storyboard */,
				8581ED3C2A1C30CF00445D6A /* Info.plist */,
				8581ED422A1C313500445D6A /* SpotifyiOS.framework */,
			);
			name = Files;
			sourceTree = "<group>";
		};
/* End PBXGroup section */

/* Begin PBXNativeTarget section */
		8581ED2A2A1C30CE00445D6A /* music-stats */ = {
			isa = PBXNativeTarget;
			buildConfigurationList = 8581ED3F2A1C30CF00445D6A /* Build configuration list for PBXNativeTarget "music-stats" */;
			buildPhases = (
				8581ED272A1C30CE00445D6A /* Sources */,
				8581ED282A1C30CE00445D6A /* Frameworks */,
				8581ED292A1C30CE00445D6A /* Resources */,
				8543B9872A1EEF2900D3A1D2 /* Embed Frameworks */,
			);
			buildRules = (
			);
			dependencies = (
			);
			name = "music-stats";
			productName = "music-stats";
			productReference = 8581ED2B2A1C30CE00445D6A /* music-stats.app */;
			productType = "com.apple.product-type.application";
		};
/* End PBXNativeTarget section */

/* Begin PBXProject section */
		8581ED232A1C30CE00445D6A /* Project object */ = {
			isa = PBXProject;
			attributes = {
				BuildIndependentTargetsInParallel = 1;
				LastSwiftUpdateCheck = 1340;
				LastUpgradeCheck = 1340;
				TargetAttributes = {
					8581ED2A2A1C30CE00445D6A = {
						CreatedOnToolsVersion = 13.4.1;
						LastSwiftMigration = 1340;
					};
				};
			};
			buildConfigurationList = 8581ED262A1C30CE00445D6A /* Build configuration list for PBXProject "music-stats" */;
			compatibilityVersion = "Xcode 13.0";
			developmentRegion = en;
			hasScannedForEncodings = 0;
			knownRegions = (
				en,
				Base,
			);
			mainGroup = 8581ED222A1C30CE00445D6A;
			productRefGroup = 8581ED2C2A1C30CE00445D6A /* Products */;
			projectDirPath = "";
			projectRoot = "";
			targets = (
				8581ED2A2A1C30CE00445D6A /* music-stats */,
			);
		};
/* End PBXProject section */

/* Begin PBXResourcesBuildPhase section */
		8581ED292A1C30CE00445D6A /* Resources */ = {
			isa = PBXResourcesBuildPhase;
			buildActionMask = 2147483647;
			files = (
				8581ED3B2A1C30CF00445D6A /* LaunchScreen.storyboard in Resources */,
				8581ED382A1C30CF00445D6A /* Assets.xcassets in Resources */,
				8581ED362A1C30CE00445D6A /* Main.storyboard in Resources */,
			);
			runOnlyForDeploymentPostprocessing = 0;
		};
/* End PBXResourcesBuildPhase section */

/* Begin PBXSourcesBuildPhase section */
		8581ED272A1C30CE00445D6A /* Sources */ = {
			isa = PBXSourcesBuildPhase;
			buildActionMask = 2147483647;
			files = (
				8581ED332A1C30CE00445D6A /* ViewController.swift in Sources */,
				8581ED2F2A1C30CE00445D6A /* AppDelegate.swift in Sources */,
				8581ED312A1C30CE00445D6A /* SceneDelegate.swift in Sources */,
				8581ED492A1C32CF00445D6A /* Constants.swift in Sources */,
			);
			runOnlyForDeploymentPostprocessing = 0;
		};
/* End PBXSourcesBuildPhase section */

/* Begin PBXVariantGroup section */
		8581ED342A1C30CE00445D6A /* Main.storyboard */ = {
			isa = PBXVariantGroup;
			children = (
				8581ED352A1C30CE00445D6A /* Base */,
			);
			name = Main.storyboard;
			sourceTree = "<group>";
		};
		8581ED392A1C30CF00445D6A /* LaunchScreen.storyboard */ = {
			isa = PBXVariantGroup;
			children = (
				8581ED3A2A1C30CF00445D6A /* Base */,
			);
			name = LaunchScreen.storyboard;
			sourceTree = "<group>";
		};
/* End PBXVariantGroup section */

/* Begin XCBuildConfiguration section */
		8581ED3D2A1C30CF00445D6A /* Debug */ = {
			isa = XCBuildConfiguration;
			buildSettings = {
				ALWAYS_SEARCH_USER_PATHS = NO;
				CLANG_ANALYZER_NONNULL = YES;
				CLANG_ANALYZER_NUMBER_OBJECT_CONVERSION = YES_AGGRESSIVE;
				CLANG_CXX_LANGUAGE_STANDARD = "gnu++17";
				CLANG_ENABLE_MODULES = YES;
				CLANG_ENABLE_OBJC_ARC = YES;
				CLANG_ENABLE_OBJC_WEAK = YES;
				CLANG_WARN_BLOCK_CAPTURE_AUTORELEASING = YES;
				CLANG_WARN_BOOL_CONVERSION = YES;
				CLANG_WARN_COMMA = YES;
				CLANG_WARN_CONSTANT_CONVERSION = YES;
				CLANG_WARN_DEPRECATED_OBJC_IMPLEMENTATIONS = YES;
				CLANG_WARN_DIRECT_OBJC_ISA_USAGE = YES_ERROR;
				CLANG_WARN_DOCUMENTATION_COMMENTS = YES;
				CLANG_WARN_EMPTY_BODY = YES;
				CLANG_WARN_ENUM_CONVERSION = YES;
				CLANG_WARN_INFINITE_RECURSION = YES;
				CLANG_WARN_INT_CONVERSION = YES;
				CLANG_WARN_NON_LITERAL_NULL_CONVERSION = YES;
				CLANG_WARN_OBJC_IMPLICIT_RETAIN_SELF = YES;
				CLANG_WARN_OBJC_LITERAL_CONVERSION = YES;
				CLANG_WARN_OBJC_ROOT_CLASS = YES_ERROR;
				CLANG_WARN_QUOTED_INCLUDE_IN_FRAMEWORK_HEADER = YES;
				CLANG_WARN_RANGE_LOOP_ANALYSIS = YES;
				CLANG_WARN_STRICT_PROTOTYPES = YES;
				CLANG_WARN_SUSPICIOUS_MOVE = YES;
				CLANG_WARN_UNGUARDED_AVAILABILITY = YES_AGGRESSIVE;
				CLANG_WARN_UNREACHABLE_CODE = YES;
				CLANG_WARN__DUPLICATE_METHOD_MATCH = YES;
				COPY_PHASE_STRIP = NO;
				DEBUG_INFORMATION_FORMAT = dwarf;
				ENABLE_STRICT_OBJC_MSGSEND = YES;
				ENABLE_TESTABILITY = YES;
				GCC_C_LANGUAGE_STANDARD = gnu11;
				GCC_DYNAMIC_NO_PIC = NO;
				GCC_NO_COMMON_BLOCKS = YES;
				GCC_OPTIMIZATION_LEVEL = 0;
				GCC_PREPROCESSOR_DEFINITIONS = (
					"DEBUG=1",
					"$(inherited)",
				);
				GCC_WARN_64_TO_32_BIT_CONVERSION = YES;
				GCC_WARN_ABOUT_RETURN_TYPE = YES_ERROR;
				GCC_WARN_UNDECLARED_SELECTOR = YES;
				GCC_WARN_UNINITIALIZED_AUTOS = YES_AGGRESSIVE;
				GCC_WARN_UNUSED_FUNCTION = YES;
				GCC_WARN_UNUSED_VARIABLE = YES;
				IPHONEOS_DEPLOYMENT_TARGET = 15.5;
				MTL_ENABLE_DEBUG_INFO = INCLUDE_SOURCE;
				MTL_FAST_MATH = YES;
				ONLY_ACTIVE_ARCH = YES;
				SDKROOT = iphoneos;
				SWIFT_ACTIVE_COMPILATION_CONDITIONS = DEBUG;
				SWIFT_OPTIMIZATION_LEVEL = "-Onone";
			};
			name = Debug;
		};
		8581ED3E2A1C30CF00445D6A /* Release */ = {
			isa = XCBuildConfiguration;
			buildSettings = {
				ALWAYS_SEARCH_USER_PATHS = NO;
				CLANG_ANALYZER_NONNULL = YES;
				CLANG_ANALYZER_NUMBER_OBJECT_CONVERSION = YES_AGGRESSIVE;
				CLANG_CXX_LANGUAGE_STANDARD = "gnu++17";
				CLANG_ENABLE_MODULES = YES;
				CLANG_ENABLE_OBJC_ARC = YES;
				CLANG_ENABLE_OBJC_WEAK = YES;
				CLANG_WARN_BLOCK_CAPTURE_AUTORELEASING = YES;
				CLANG_WARN_BOOL_CONVERSION = YES;
				CLANG_WARN_COMMA = YES;
				CLANG_WARN_CONSTANT_CONVERSION = YES;
				CLANG_WARN_DEPRECATED_OBJC_IMPLEMENTATIONS = YES;
				CLANG_WARN_DIRECT_OBJC_ISA_USAGE = YES_ERROR;
				CLANG_WARN_DOCUMENTATION_COMMENTS = YES;
				CLANG_WARN_EMPTY_BODY = YES;
				CLANG_WARN_ENUM_CONVERSION = YES;
				CLANG_WARN_INFINITE_RECURSION = YES;
				CLANG_WARN_INT_CONVERSION = YES;
				CLANG_WARN_NON_LITERAL_NULL_CONVERSION = YES;
				CLANG_WARN_OBJC_IMPLICIT_RETAIN_SELF = YES;
				CLANG_WARN_OBJC_LITERAL_CONVERSION = YES;
				CLANG_WARN_OBJC_ROOT_CLASS = YES_ERROR;
				CLANG_WARN_QUOTED_INCLUDE_IN_FRAMEWORK_HEADER = YES;
				CLANG_WARN_RANGE_LOOP_ANALYSIS = YES;
				CLANG_WARN_STRICT_PROTOTYPES = YES;
				CLANG_WARN_SUSPICIOUS_MOVE = YES;
				CLANG_WARN_UNGUARDED_AVAILABILITY = YES_AGGRESSIVE;
				CLANG_WARN_UNREACHABLE_CODE = YES;
				CLANG_WARN__DUPLICATE_METHOD_MATCH = YES;
				COPY_PHASE_STRIP = NO;
				DEBUG_INFORMATION_FORMAT = "dwarf-with-dsym";
				ENABLE_NS_ASSERTIONS = NO;
				ENABLE_STRICT_OBJC_MSGSEND = YES;
				GCC_C_LANGUAGE_STANDARD = gnu11;
				GCC_NO_COMMON_BLOCKS = YES;
				GCC_WARN_64_TO_32_BIT_CONVERSION = YES;
				GCC_WARN_ABOUT_RETURN_TYPE = YES_ERROR;
				GCC_WARN_UNDECLARED_SELECTOR = YES;
				GCC_WARN_UNINITIALIZED_AUTOS = YES_AGGRESSIVE;
				GCC_WARN_UNUSED_FUNCTION = YES;
				GCC_WARN_UNUSED_VARIABLE = YES;
				IPHONEOS_DEPLOYMENT_TARGET = 15.5;
				MTL_ENABLE_DEBUG_INFO = NO;
				MTL_FAST_MATH = YES;
				SDKROOT = iphoneos;
				SWIFT_COMPILATION_MODE = wholemodule;
				SWIFT_OPTIMIZATION_LEVEL = "-O";
				VALIDATE_PRODUCT = YES;
			};
			name = Release;
		};
		8581ED402A1C30CF00445D6A /* Debug */ = {
			isa = XCBuildConfiguration;
			buildSettings = {
				ASSETCATALOG_COMPILER_APPICON_NAME = AppIcon;
				ASSETCATALOG_COMPILER_GLOBAL_ACCENT_COLOR_NAME = AccentColor;
				CLANG_ENABLE_MODULES = YES;
				CODE_SIGN_STYLE = Automatic;
				CURRENT_PROJECT_VERSION = 1;
				DEVELOPMENT_TEAM = 35LHLK3Q28;
				FRAMEWORK_SEARCH_PATHS = (
					"$(inherited)",
					"$(PROJECT_DIR)/music-stats",
				);
				GENERATE_INFOPLIST_FILE = YES;
				INFOPLIST_FILE = "music-stats/Info.plist";
				INFOPLIST_KEY_UIApplicationSupportsIndirectInputEvents = YES;
				INFOPLIST_KEY_UILaunchStoryboardName = LaunchScreen;
				INFOPLIST_KEY_UIMainStoryboardFile = Main;
				INFOPLIST_KEY_UISupportedInterfaceOrientations_iPad = "UIInterfaceOrientationPortrait UIInterfaceOrientationPortraitUpsideDown UIInterfaceOrientationLandscapeLeft UIInterfaceOrientationLandscapeRight";
				INFOPLIST_KEY_UISupportedInterfaceOrientations_iPhone = "UIInterfaceOrientationPortrait UIInterfaceOrientationLandscapeLeft UIInterfaceOrientationLandscapeRight";
				LD_RUNPATH_SEARCH_PATHS = (
					"$(inherited)",
					"@executable_path/Frameworks",
				);
				MARKETING_VERSION = 1.0;
				ONLY_ACTIVE_ARCH = YES;
				OTHER_LDFLAGS = "-ObjC";
				PRODUCT_BUNDLE_IDENTIFIER = "com.chow.music-stats";
				PRODUCT_NAME = "$(TARGET_NAME)";
				SWIFT_EMIT_LOC_STRINGS = YES;
				SWIFT_OBJC_BRIDGING_HEADER = "music-stats/music-stats-Bridging-Header.h";
				SWIFT_OPTIMIZATION_LEVEL = "-Onone";
				SWIFT_VERSION = 5.0;
				TARGETED_DEVICE_FAMILY = "1,2";
			};
			name = Debug;
		};
		8581ED412A1C30CF00445D6A /* Release */ = {
			isa = XCBuildConfiguration;
			buildSettings = {
				ASSETCATALOG_COMPILER_APPICON_NAME = AppIcon;
				ASSETCATALOG_COMPILER_GLOBAL_ACCENT_COLOR_NAME = AccentColor;
				CLANG_ENABLE_MODULES = YES;
				CODE_SIGN_STYLE = Automatic;
				CURRENT_PROJECT_VERSION = 1;
				DEVELOPMENT_TEAM = 35LHLK3Q28;
				FRAMEWORK_SEARCH_PATHS = (
					"$(inherited)",
					"$(PROJECT_DIR)/music-stats",
				);
				GENERATE_INFOPLIST_FILE = YES;
				INFOPLIST_FILE = "music-stats/Info.plist";
				INFOPLIST_KEY_UIApplicationSupportsIndirectInputEvents = YES;
				INFOPLIST_KEY_UILaunchStoryboardName = LaunchScreen;
				INFOPLIST_KEY_UIMainStoryboardFile = Main;
				INFOPLIST_KEY_UISupportedInterfaceOrientations_iPad = "UIInterfaceOrientationPortrait UIInterfaceOrientationPortraitUpsideDown UIInterfaceOrientationLandscapeLeft UIInterfaceOrientationLandscapeRight";
				INFOPLIST_KEY_UISupportedInterfaceOrientations_iPhone = "UIInterfaceOrientationPortrait UIInterfaceOrientationLandscapeLeft UIInterfaceOrientationLandscapeRight";
				LD_RUNPATH_SEARCH_PATHS = (
					"$(inherited)",
					"@executable_path/Frameworks",
				);
				MARKETING_VERSION = 1.0;
				ONLY_ACTIVE_ARCH = NO;
				OTHER_LDFLAGS = "-ObjC";
				PRODUCT_BUNDLE_IDENTIFIER = "com.chow.music-stats";
				PRODUCT_NAME = "$(TARGET_NAME)";
				SWIFT_EMIT_LOC_STRINGS = YES;
				SWIFT_OBJC_BRIDGING_HEADER = "music-stats/music-stats-Bridging-Header.h";
				SWIFT_VERSION = 5.0;
				TARGETED_DEVICE_FAMILY = "1,2";
			};
			name = Release;
		};
/* End XCBuildConfiguration section */

/* Begin XCConfigurationList section */
		8581ED262A1C30CE00445D6A /* Build configuration list for PBXProject "music-stats" */ = {
			isa = XCConfigurationList;
			buildConfigurations = (
				8581ED3D2A1C30CF00445D6A /* Debug */,
				8581ED3E2A1C30CF00445D6A /* Release */,
			);
			defaultConfigurationIsVisible = 0;
			defaultConfigurationName = Release;
		};
		8581ED3F2A1C30CF00445D6A /* Build configuration list for PBXNativeTarget "music-stats" */ = {
			isa = XCConfigurationList;
			buildConfigurations = (
				8581ED402A1C30CF00445D6A /* Debug */,
				8581ED412A1C30CF00445D6A /* Release */,
			);
			defaultConfigurationIsVisible = 0;
			defaultConfigurationName = Release;
		};
/* End XCConfigurationList section */
	};
	rootObject = 8581ED232A1C30CE00445D6A /* Project object */;
}
